
Microsoft Visual Studio Solution File, Format Version 12.00
# Visual Studio Version 16
VisualStudioVersion = 16.0.31613.86
MinimumVisualStudioVersion = 10.0.40219.1
Project("{9A19103F-16F7-4668-BE54-9A1E7A4F7556}") = "DotNet5ServiceExp", "DotNet5ServiceExp.csproj", "{53BE4A5B-F6FB-40AF-A453-570693E48948}"
EndProject
Project("{FAE04EC0-301F-11D3-BF4B-00C04F79EFBC}") = "DotNetTestProject", "..\DotNetTestProject\DotNetTestProject.csproj", "{69A0BCD9-27E5-445E-801D-60D8B4788919}"
EndProject
Global
	GlobalSection(SolutionConfigurationPlatforms) = preSolution
		Debug|Any CPU = Debug|Any CPU
		Release|Any CPU = Release|Any CPU
	EndGlobalSection
	GlobalSection(ProjectConfigurationPlatforms) = postSolution
		{53BE4A5B-F6FB-40AF-A453-570693E48948}.Debug|Any CPU.ActiveCfg = Debug|Any CPU
		{53BE4A5B-F6FB-40AF-A453-570693E48948}.Debug|Any CPU.Build.0 = Debug|Any CPU
		{53BE4A5B-F6FB-40AF-A453-570693E48948}.Release|Any CPU.ActiveCfg = Release|Any CPU
		{53BE4A5B-F6FB-40AF-A453-570693E48948}.Release|Any CPU.Build.0 = Release|Any CPU
		{69A0BCD9-27E5-445E-801D-60D8B4788919}.Debug|Any CPU.ActiveCfg = Debug|Any CPU
		{69A0BCD9-27E5-445E-801D-60D8B4788919}.Debug|Any CPU.Build.0 = Debug|Any CPU
		{69A0BCD9-27E5-445E-801D-60D8B4788919}.Release|Any CPU.ActiveCfg = Release|Any CPU
		{69A0BCD9-27E5-445E-801D-60D8B4788919}.Release|Any CPU.Build.0 = Release|Any CPU
	EndGlobalSection
	GlobalSection(SolutionProperties) = preSolution
		HideSolutionNode = FALSE
	EndGlobalSection
	GlobalSection(ExtensibilityGlobals) = postSolution
		SolutionGuid = {C9EAF703-FAF6-49A9-A700-1F105A7DCA0E}
	EndGlobalSection
EndGlobal
